
Microsoft Visual Studio Solution File, Format Version 12.00
# Visual Studio Version 16
VisualStudioVersion = 16.0.30320.27
MinimumVisualStudioVersion = 10.0.40219.1
Project("{8BC9CEB8-8B4A-11D0-8D11-00A0C91BC942}") = "LearningInheritance", "LearningInheritance\LearningInheritance.vcxproj", "{46650662-5956-4766-9B2E-C5291FA98D27}"
EndProject
Global
	GlobalSection(SolutionConfigurationPlatforms) = preSolution
		Debug|x64 = Debug|x64
		Debug|x86 = Debug|x86
		Release|x64 = Release|x64
		Release|x86 = Release|x86
	EndGlobalSection
	GlobalSection(ProjectConfigurationPlatforms) = postSolution
		{46650662-5956-4766-9B2E-C5291FA98D27}.Debug|x64.ActiveCfg = Debug|x64
		{46650662-5956-4766-9B2E-C5291FA98D27}.Debug|x64.Build.0 = Debug|x64
		{46650662-5956-4766-9B2E-C5291FA98D27}.Debug|x86.ActiveCfg = Debug|Win32
		{46650662-5956-4766-9B2E-C5291FA98D27}.Debug|x86.Build.0 = Debug|Win32
		{46650662-5956-4766-9B2E-C5291FA98D27}.Release|x64.ActiveCfg = Release|x64
		{46650662-5956-4766-9B2E-C5291FA98D27}.Release|x64.Build.0 = Release|x64
		{46650662-5956-4766-9B2E-C5291FA98D27}.Release|x86.ActiveCfg = Release|Win32
		{46650662-5956-4766-9B2E-C5291FA98D27}.Release|x86.Build.0 = Release|Win32
	EndGlobalSection
	GlobalSection(SolutionProperties) = preSolution
		HideSolutionNode = FALSE
	EndGlobalSection
	GlobalSection(ExtensibilityGlobals) = postSolution
		SolutionGuid = {86DAF59C-D47A-4540-A48A-9A0BD1366049}
	EndGlobalSection
EndGlobal
